{
  "name": "cow-meat",
  "version": "0.0.1",
  "lockfileVersion": 1,
  "requires": true,
  "dependencies": {
    "lodash-es": {
      "version": "4.17.21",
      "resolved": "https://registry.npmjs.org/lodash-es/-/lodash-es-4.17.21.tgz",
      "integrity": "sha512-mKnC+QJ9pWVzv+C4/U3rRsHapFfHvQFoFB92e52xeyGMcX6/OlIl78je1u8vePzYZSkkogMPJ2yjxxsb89cxyw=="
    },
    "ng2-charts": {
      "version": "4.0.1",
      "resolved": "https://registry.npmjs.org/ng2-charts/-/ng2-charts-4.0.1.tgz",
      "integrity": "sha512-QYXVZHP/RIRhAw36xeXPL6JZz73fXuHePTyGwBiOfIRGCG7EDYLApnSgEn+Mx+QFKYT1VN9Fsj5b04rrd2nrEw==",
      "requires": {
        "lodash-es": "^4.17.15",
        "tslib": "^2.3.0"
      }
    },
    "ngx-driver": {
      "version": "2.0.3",
      "resolved": "https://registry.npmjs.org/ngx-driver/-/ngx-driver-2.0.3.tgz",
      "integrity": "sha512-Du0Q3j8YQbtZZLDt6SdBF/JdOxrwhbqbT7nF6ohythqT/KUPPPyONHsZzPldtX7jI+0InlTzeT+yVv9DJjhh5g==",
      "requires": {
        "tslib": "^2.3.0"
      }
    },
    "ngx-liburg": {
      "version": "0.0.16",
      "resolved": "https://registry.npmjs.org/ngx-liburg/-/ngx-liburg-0.0.16.tgz",
      "integrity": "sha512-i8BIDosIy/+H14TaKkZOrxCQkiWHaEKT2bq/P8gmYt0OeDCJfAioNxMn1PYoEXbLKgsydbqtyOxYTo9rh2Spvg==",
      "requires": {
        "tslib": "^2.3.0"
      }
    },
    "ngx-liburg-icon": {
      "version": "0.0.17",
      "resolved": "https://registry.npmjs.org/ngx-liburg-icon/-/ngx-liburg-icon-0.0.17.tgz",
      "integrity": "sha512-wndwLM9T3BgA+/ruDt0OjzujDDalH3kWWiop381CBsuxoq++snuB8USXc9nsUWDEWr1jYdgtce5Iy5PhRNCNEQ==",
      "requires": {
        "tslib": "^2.3.0"
      }
    },
    "tslib": {
      "version": "2.4.0",
      "resolved": "https://registry.npmjs.org/tslib/-/tslib-2.4.0.tgz",
      "integrity": "sha512-d6xOpEDfsi2CZVlPQzGeux8XMwLT9hssAsaPYExaQMuYskwb+x1x7J371tWlbBdWHroy99KnVB6qIkUbs5X3UQ=="
    }
  }
}
